{"filter":false,"title":"Gemfile.lock","tooltip":"/Gemfile.lock","undoManager":{"mark":4,"position":4,"stack":[[{"start":{"row":80,"column":0},"end":{"row":81,"column":0},"action":"remove","lines":["    daemons (1.2.4)",""],"id":2,"ignore":true},{"start":{"row":83,"column":0},"end":{"row":84,"column":0},"action":"remove","lines":["    eventmachine (1.2.3)",""]},{"start":{"row":179,"column":0},"end":{"row":183,"column":0},"action":"remove","lines":["    thin (1.7.0)","      daemons (~> 1.0, >= 1.0.9)","      eventmachine (~> 1.0, >= 1.0.4)","      rack (>= 1, < 3)",""]},{"start":{"row":229,"column":0},"end":{"row":230,"column":0},"action":"remove","lines":["  thin",""]}],[{"start":{"row":119,"column":0},"end":{"row":120,"column":0},"action":"insert","lines":["    puma (3.9.1)",""],"id":3,"ignore":true},{"start":{"row":223,"column":0},"end":{"row":224,"column":0},"action":"insert","lines":["  puma",""]}],[{"start":{"row":119,"column":0},"end":{"row":120,"column":0},"action":"remove","lines":["    puma (3.9.1)",""],"id":4,"ignore":true},{"start":{"row":222,"column":0},"end":{"row":223,"column":0},"action":"remove","lines":["  puma",""]}],[{"start":{"row":119,"column":0},"end":{"row":120,"column":0},"action":"insert","lines":["    puma (3.9.1)",""],"id":5,"ignore":true},{"start":{"row":223,"column":0},"end":{"row":224,"column":0},"action":"insert","lines":["  puma",""]}],[{"start":{"row":106,"column":14},"end":{"row":106,"column":15},"action":"remove","lines":["5"],"id":6,"ignore":true},{"start":{"row":106,"column":14},"end":{"row":106,"column":15},"action":"insert","lines":["6"]}]]},"ace":{"folds":[],"scrolltop":0,"scrollleft":0,"selection":{"start":{"row":0,"column":0},"end":{"row":0,"column":0},"isBackwards":false},"options":{"guessTabSize":true,"useWrapMode":false,"wrapToView":true},"firstLineState":0},"timestamp":1497110068243,"hash":"fda6ee6fb6315f96358994c673e9ca0f6203764a"}